{
  "lockfileVersion": 1,
  "workspaces": {
    "": {
      "name": "web-app-template",
      "dependencies": {
        "normalize.css": "^8.0.1",
        "sakura.css": "^1.5.1",
      },
      "devDependencies": {
        "backbone": "^1.6.1",
        "jquery": "^3.7.1",
        "lodash": "^4.17.21",
      },
    },
  },
  "packages": {
    "backbone": ["backbone@1.6.1", "", { "dependencies": { "underscore": ">=1.8.3" } }, "sha512-YQzWxOrIgL6BoFnZjThVN99smKYhyEXXFyJJ2lsF1wJLyo4t+QjmkLrH8/fN22FZ4ykF70Xq7PgTugJVR4zS9Q=="],

    "jquery": ["jquery@3.7.1", "", {}, "sha512-m4avr8yL8kmFN8psrbFFFmB/If14iN5o9nw/NgnnM+kybDJpRsAynV2BsfpTYrTRysYUdADVD7CkUUizgkpLfg=="],

    "lodash": ["lodash@4.17.21", "", {}, "sha512-v2kDEe57lecTulaDIuNTPy3Ry4gLGJ6Z1O3vE1krgXZNrsQ+LFTGHVxVjcXPs17LhbZVGedAJv8XZ1tvj5FvSg=="],

    "normalize.css": ["normalize.css@8.0.1", "", {}, "sha512-qizSNPO93t1YUuUhP22btGOo3chcvDFqFaj2TRybP0DMxkHOCTYwp3n34fel4a31ORXy4m1Xq0Gyqpb5m33qIg=="],

    "sakura.css": ["sakura.css@1.5.1", "", {}, "sha512-MAL13eVLmTuiF6a/SjrzK5PItWQwMrsIIldLq7kVwuJjxoxVyzwGJbP+JNSwLt34VF8Eg9yj3q17GG/h8jhvMA=="],

    "underscore": ["underscore@1.13.7", "", {}, "sha512-GMXzWtsc57XAtguZgaQViUOzs0KTkk8ojr3/xAxXLITqf/3EMwxC0inyETfDFjH/Krbhuep0HNbbjI9i/q3F3g=="],
  }
}
